
Microsoft Visual Studio Solution File, Format Version 12.00
# Visual Studio Version 17
VisualStudioVersion = 17.9.34902.65
MinimumVisualStudioVersion = 10.0.40219.1
Project("{FAE04EC0-301F-11D3-BF4B-00C04F79EFBC}") = "WebAPIV8", "WebAPIV8.csproj", "{045A5B6D-CBD8-4829-B06D-833606612CBD}"
EndProject
Global
	GlobalSection(SolutionConfigurationPlatforms) = preSolution
		Debug|Any CPU = Debug|Any CPU
		Release|Any CPU = Release|Any CPU
	EndGlobalSection
	GlobalSection(ProjectConfigurationPlatforms) = postSolution
		{045A5B6D-CBD8-4829-B06D-833606612CBD}.Debug|Any CPU.ActiveCfg = Debug|Any CPU
		{045A5B6D-CBD8-4829-B06D-833606612CBD}.Debug|Any CPU.Build.0 = Debug|Any CPU
		{045A5B6D-CBD8-4829-B06D-833606612CBD}.Release|Any CPU.ActiveCfg = Release|Any CPU
		{045A5B6D-CBD8-4829-B06D-833606612CBD}.Release|Any CPU.Build.0 = Release|Any CPU
	EndGlobalSection
	GlobalSection(SolutionProperties) = preSolution
		HideSolutionNode = FALSE
	EndGlobalSection
	GlobalSection(ExtensibilityGlobals) = postSolution
		SolutionGuid = {5775DA5D-097C-41A1-8061-90D80F6FC536}
	EndGlobalSection
EndGlobal
